
Microsoft Visual Studio Solution File, Format Version 12.00
# Visual Studio 15
VisualStudioVersion = 15.0.27703.2042
MinimumVisualStudioVersion = 10.0.40219.1
Project("{FAE04EC0-301F-11D3-BF4B-00C04F79EFBC}") = "Pepper.Android", "Pepper\Pepper.Android\Pepper.Android.csproj", "{BB534780-6E7D-4B34-BDEF-462469BEC496}"
EndProject
Project("{FAE04EC0-301F-11D3-BF4B-00C04F79EFBC}") = "Pepper.iOS", "Pepper\Pepper.iOS\Pepper.iOS.csproj", "{7925403A-E45C-445C-8D95-A072AB533269}"
EndProject
Project("{9A19103F-16F7-4668-BE54-9A1E7A4F7556}") = "Pepper", "Pepper\Pepper\Pepper.csproj", "{5C993F84-C037-4F64-91BC-4604CD9BF5CF}"
EndProject
Project("{9A19103F-16F7-4668-BE54-9A1E7A4F7556}") = "Xam.Marvelous", "Pepper\Xam.Marvelous\Xam.Marvelous.csproj", "{F7C0FD1C-74BE-4757-85AD-ED2149A8CC30}"
EndProject
Project("{9A19103F-16F7-4668-BE54-9A1E7A4F7556}") = "Xam.Wikia", "Pepper\Xam.Wikia\Xam.Wikia.csproj", "{F9D5388B-40AF-4C44-B278-E6BE2E4E665F}"
EndProject
Project("{FAE04EC0-301F-11D3-BF4B-00C04F79EFBC}") = "Pepper.UWP", "Pepper\Pepper.UWP\Pepper.UWP.csproj", "{2C2DF3A3-71E8-42A3-903D-0EAB42E82F9F}"
EndProject
Project("{9A19103F-16F7-4668-BE54-9A1E7A4F7556}") = "Xam.Tumblr", "Pepper\Xam.Tumblr\Xam.Tumblr.csproj", "{D75CE27F-DF79-499E-AA91-144F7A8B8AA7}"
EndProject
Project("{9A19103F-16F7-4668-BE54-9A1E7A4F7556}") = "Xam.Rss", "Pepper\Xam.Rss\Xam.Rss.csproj", "{CEFA8373-FD36-4A06-A5CB-EA0C51B5C3B0}"
EndProject
Global
	GlobalSection(SolutionConfigurationPlatforms) = preSolution
		Debug|Any CPU = Debug|Any CPU
		Debug|ARM = Debug|ARM
		Debug|iPhone = Debug|iPhone
		Debug|iPhoneSimulator = Debug|iPhoneSimulator
		Debug|x64 = Debug|x64
		Debug|x86 = Debug|x86
		Release|Any CPU = Release|Any CPU
		Release|ARM = Release|ARM
		Release|iPhone = Release|iPhone
		Release|iPhoneSimulator = Release|iPhoneSimulator
		Release|x64 = Release|x64
		Release|x86 = Release|x86
	EndGlobalSection
	GlobalSection(ProjectConfigurationPlatforms) = postSolution
		{BB534780-6E7D-4B34-BDEF-462469BEC496}.Debug|Any CPU.ActiveCfg = Debug|Any CPU
		{BB534780-6E7D-4B34-BDEF-462469BEC496}.Debug|Any CPU.Build.0 = Debug|Any CPU
		{BB534780-6E7D-4B34-BDEF-462469BEC496}.Debug|Any CPU.Deploy.0 = Debug|Any CPU
		{BB534780-6E7D-4B34-BDEF-462469BEC496}.Debug|ARM.ActiveCfg = Debug|Any CPU
		{BB534780-6E7D-4B34-BDEF-462469BEC496}.Debug|ARM.Build.0 = Debug|Any CPU
		{BB534780-6E7D-4B34-BDEF-462469BEC496}.Debug|ARM.Deploy.0 = Debug|Any CPU
		{BB534780-6E7D-4B34-BDEF-462469BEC496}.Debug|iPhone.ActiveCfg = Debug|Any CPU
		{BB534780-6E7D-4B34-BDEF-462469BEC496}.Debug|iPhone.Build.0 = Debug|Any CPU
		{BB534780-6E7D-4B34-BDEF-462469BEC496}.Debug|iPhone.Deploy.0 = Debug|Any CPU
		{BB534780-6E7D-4B34-BDEF-462469BEC496}.Debug|iPhoneSimulator.ActiveCfg = Debug|Any CPU
		{BB534780-6E7D-4B34-BDEF-462469BEC496}.Debug|iPhoneSimulator.Build.0 = Debug|Any CPU
		{BB534780-6E7D-4B34-BDEF-462469BEC496}.Debug|iPhoneSimulator.Deploy.0 = Debug|Any CPU
		{BB534780-6E7D-4B34-BDEF-462469BEC496}.Debug|x64.ActiveCfg = Debug|Any CPU
		{BB534780-6E7D-4B34-BDEF-462469BEC496}.Debug|x64.Build.0 = Debug|Any CPU
		{BB534780-6E7D-4B34-BDEF-462469BEC496}.Debug|x64.Deploy.0 = Debug|Any CPU
		{BB534780-6E7D-4B34-BDEF-462469BEC496}.Debug|x86.ActiveCfg = Debug|Any CPU
		{BB534780-6E7D-4B34-BDEF-462469BEC496}.Debug|x86.Build.0 = Debug|Any CPU
		{BB534780-6E7D-4B34-BDEF-462469BEC496}.Debug|x86.Deploy.0 = Debug|Any CPU
		{BB534780-6E7D-4B34-BDEF-462469BEC496}.Release|Any CPU.ActiveCfg = Release|Any CPU
		{BB534780-6E7D-4B34-BDEF-462469BEC496}.Release|Any CPU.Build.0 = Release|Any CPU
		{BB534780-6E7D-4B34-BDEF-462469BEC496}.Release|Any CPU.Deploy.0 = Release|Any CPU
		{BB534780-6E7D-4B34-BDEF-462469BEC496}.Release|ARM.ActiveCfg = Release|Any CPU
		{BB534780-6E7D-4B34-BDEF-462469BEC496}.Release|ARM.Build.0 = Release|Any CPU
		{BB534780-6E7D-4B34-BDEF-462469BEC496}.Release|ARM.Deploy.0 = Release|Any CPU
		{BB534780-6E7D-4B34-BDEF-462469BEC496}.Release|iPhone.ActiveCfg = Release|Any CPU
		{BB534780-6E7D-4B34-BDEF-462469BEC496}.Release|iPhone.Build.0 = Release|Any CPU
		{BB534780-6E7D-4B34-BDEF-462469BEC496}.Release|iPhone.Deploy.0 = Release|Any CPU
		{BB534780-6E7D-4B34-BDEF-462469BEC496}.Release|iPhoneSimulator.ActiveCfg = Release|Any CPU
		{BB534780-6E7D-4B34-BDEF-462469BEC496}.Release|iPhoneSimulator.Build.0 = Release|Any CPU
		{BB534780-6E7D-4B34-BDEF-462469BEC496}.Release|iPhoneSimulator.Deploy.0 = Release|Any CPU
		{BB534780-6E7D-4B34-BDEF-462469BEC496}.Release|x64.ActiveCfg = Release|Any CPU
		{BB534780-6E7D-4B34-BDEF-462469BEC496}.Release|x64.Build.0 = Release|Any CPU
		{BB534780-6E7D-4B34-BDEF-462469BEC496}.Release|x64.Deploy.0 = Release|Any CPU
		{BB534780-6E7D-4B34-BDEF-462469BEC496}.Release|x86.ActiveCfg = Release|Any CPU
		{BB534780-6E7D-4B34-BDEF-462469BEC496}.Release|x86.Build.0 = Release|Any CPU
		{BB534780-6E7D-4B34-BDEF-462469BEC496}.Release|x86.Deploy.0 = Release|Any CPU
		{7925403A-E45C-445C-8D95-A072AB533269}.Debug|Any CPU.ActiveCfg = Debug|iPhoneSimulator
		{7925403A-E45C-445C-8D95-A072AB533269}.Debug|Any CPU.Build.0 = Debug|iPhoneSimulator
		{7925403A-E45C-445C-8D95-A072AB533269}.Debug|Any CPU.Deploy.0 = Debug|iPhoneSimulator
		{7925403A-E45C-445C-8D95-A072AB533269}.Debug|ARM.ActiveCfg = Debug|iPhone
		{7925403A-E45C-445C-8D95-A072AB533269}.Debug|ARM.Build.0 = Debug|iPhone
		{7925403A-E45C-445C-8D95-A072AB533269}.Debug|ARM.Deploy.0 = Debug|iPhone
		{7925403A-E45C-445C-8D95-A072AB533269}.Debug|iPhone.ActiveCfg = Debug|iPhone
		{7925403A-E45C-445C-8D95-A072AB533269}.Debug|iPhone.Build.0 = Debug|iPhone
		{7925403A-E45C-445C-8D95-A072AB533269}.Debug|iPhone.Deploy.0 = Debug|iPhone
		{7925403A-E45C-445C-8D95-A072AB533269}.Debug|iPhoneSimulator.ActiveCfg = Debug|iPhoneSimulator
		{7925403A-E45C-445C-8D95-A072AB533269}.Debug|iPhoneSimulator.Build.0 = Debug|iPhoneSimulator
		{7925403A-E45C-445C-8D95-A072AB533269}.Debug|iPhoneSimulator.Deploy.0 = Debug|iPhoneSimulator
		{7925403A-E45C-445C-8D95-A072AB533269}.Debug|x64.ActiveCfg = Debug|iPhone
		{7925403A-E45C-445C-8D95-A072AB533269}.Debug|x64.Build.0 = Debug|iPhone
		{7925403A-E45C-445C-8D95-A072AB533269}.Debug|x64.Deploy.0 = Debug|iPhone
		{7925403A-E45C-445C-8D95-A072AB533269}.Debug|x86.ActiveCfg = Debug|iPhone
		{7925403A-E45C-445C-8D95-A072AB533269}.Debug|x86.Build.0 = Debug|iPhone
		{7925403A-E45C-445C-8D95-A072AB533269}.Debug|x86.Deploy.0 = Debug|iPhone
		{7925403A-E45C-445C-8D95-A072AB533269}.Release|Any CPU.ActiveCfg = Release|iPhone
		{7925403A-E45C-445C-8D95-A072AB533269}.Release|Any CPU.Build.0 = Release|iPhone
		{7925403A-E45C-445C-8D95-A072AB533269}.Release|Any CPU.Deploy.0 = Release|iPhone
		{7925403A-E45C-445C-8D95-A072AB533269}.Release|ARM.ActiveCfg = Release|iPhone
		{7925403A-E45C-445C-8D95-A072AB533269}.Release|ARM.Build.0 = Release|iPhone
		{7925403A-E45C-445C-8D95-A072AB533269}.Release|ARM.Deploy.0 = Release|iPhone
		{7925403A-E45C-445C-8D95-A072AB533269}.Release|iPhone.ActiveCfg = Release|iPhone
		{7925403A-E45C-445C-8D95-A072AB533269}.Release|iPhone.Build.0 = Release|iPhone
		{7925403A-E45C-445C-8D95-A072AB533269}.Release|iPhone.Deploy.0 = Release|iPhone
		{7925403A-E45C-445C-8D95-A072AB533269}.Release|iPhoneSimulator.ActiveCfg = Release|iPhoneSimulator
		{7925403A-E45C-445C-8D95-A072AB533269}.Release|iPhoneSimulator.Build.0 = Release|iPhoneSimulator
		{7925403A-E45C-445C-8D95-A072AB533269}.Release|iPhoneSimulator.Deploy.0 = Release|iPhoneSimulator
		{7925403A-E45C-445C-8D95-A072AB533269}.Release|x64.ActiveCfg = Release|iPhone
		{7925403A-E45C-445C-8D95-A072AB533269}.Release|x64.Build.0 = Release|iPhone
		{7925403A-E45C-445C-8D95-A072AB533269}.Release|x64.Deploy.0 = Release|iPhone
		{7925403A-E45C-445C-8D95-A072AB533269}.Release|x86.ActiveCfg = Release|iPhone
		{7925403A-E45C-445C-8D95-A072AB533269}.Release|x86.Build.0 = Release|iPhone
		{7925403A-E45C-445C-8D95-A072AB533269}.Release|x86.Deploy.0 = Release|iPhone
		{5C993F84-C037-4F64-91BC-4604CD9BF5CF}.Debug|Any CPU.ActiveCfg = Debug|Any CPU
		{5C993F84-C037-4F64-91BC-4604CD9BF5CF}.Debug|Any CPU.Build.0 = Debug|Any CPU
		{5C993F84-C037-4F64-91BC-4604CD9BF5CF}.Debug|Any CPU.Deploy.0 = Debug|Any CPU
		{5C993F84-C037-4F64-91BC-4604CD9BF5CF}.Debug|ARM.ActiveCfg = Debug|Any CPU
		{5C993F84-C037-4F64-91BC-4604CD9BF5CF}.Debug|ARM.Build.0 = Debug|Any CPU
		{5C993F84-C037-4F64-91BC-4604CD9BF5CF}.Debug|ARM.Deploy.0 = Debug|Any CPU
		{5C993F84-C037-4F64-91BC-4604CD9BF5CF}.Debug|iPhone.ActiveCfg = Debug|Any CPU
		{5C993F84-C037-4F64-91BC-4604CD9BF5CF}.Debug|iPhone.Build.0 = Debug|Any CPU
		{5C993F84-C037-4F64-91BC-4604CD9BF5CF}.Debug|iPhone.Deploy.0 = Debug|Any CPU
		{5C993F84-C037-4F64-91BC-4604CD9BF5CF}.Debug|iPhoneSimulator.ActiveCfg = Debug|Any CPU
		{5C993F84-C037-4F64-91BC-4604CD9BF5CF}.Debug|iPhoneSimulator.Build.0 = Debug|Any CPU
		{5C993F84-C037-4F64-91BC-4604CD9BF5CF}.Debug|iPhoneSimulator.Deploy.0 = Debug|Any CPU
		{5C993F84-C037-4F64-91BC-4604CD9BF5CF}.Debug|x64.ActiveCfg = Debug|Any CPU
		{5C993F84-C037-4F64-91BC-4604CD9BF5CF}.Debug|x64.Build.0 = Debug|Any CPU
		{5C993F84-C037-4F64-91BC-4604CD9BF5CF}.Debug|x64.Deploy.0 = Debug|Any CPU
		{5C993F84-C037-4F64-91BC-4604CD9BF5CF}.Debug|x86.ActiveCfg = Debug|Any CPU
		{5C993F84-C037-4F64-91BC-4604CD9BF5CF}.Debug|x86.Build.0 = Debug|Any CPU
		{5C993F84-C037-4F64-91BC-4604CD9BF5CF}.Debug|x86.Deploy.0 = Debug|Any CPU
		{5C993F84-C037-4F64-91BC-4604CD9BF5CF}.Release|Any CPU.ActiveCfg = Release|Any CPU
		{5C993F84-C037-4F64-91BC-4604CD9BF5CF}.Release|Any CPU.Build.0 = Release|Any CPU
		{5C993F84-C037-4F64-91BC-4604CD9BF5CF}.Release|Any CPU.Deploy.0 = Release|Any CPU
		{5C993F84-C037-4F64-91BC-4604CD9BF5CF}.Release|ARM.ActiveCfg = Release|Any CPU
		{5C993F84-C037-4F64-91BC-4604CD9BF5CF}.Release|ARM.Build.0 = Release|Any CPU
		{5C993F84-C037-4F64-91BC-4604CD9BF5CF}.Release|ARM.Deploy.0 = Release|Any CPU
		{5C993F84-C037-4F64-91BC-4604CD9BF5CF}.Release|iPhone.ActiveCfg = Release|Any CPU
		{5C993F84-C037-4F64-91BC-4604CD9BF5CF}.Release|iPhone.Build.0 = Release|Any CPU
		{5C993F84-C037-4F64-91BC-4604CD9BF5CF}.Release|iPhone.Deploy.0 = Release|Any CPU
		{5C993F84-C037-4F64-91BC-4604CD9BF5CF}.Release|iPhoneSimulator.ActiveCfg = Release|Any CPU
		{5C993F84-C037-4F64-91BC-4604CD9BF5CF}.Release|iPhoneSimulator.Build.0 = Release|Any CPU
		{5C993F84-C037-4F64-91BC-4604CD9BF5CF}.Release|iPhoneSimulator.Deploy.0 = Release|Any CPU
		{5C993F84-C037-4F64-91BC-4604CD9BF5CF}.Release|x64.ActiveCfg = Release|Any CPU
		{5C993F84-C037-4F64-91BC-4604CD9BF5CF}.Release|x64.Build.0 = Release|Any CPU
		{5C993F84-C037-4F64-91BC-4604CD9BF5CF}.Release|x64.Deploy.0 = Release|Any CPU
		{5C993F84-C037-4F64-91BC-4604CD9BF5CF}.Release|x86.ActiveCfg = Release|Any CPU
		{5C993F84-C037-4F64-91BC-4604CD9BF5CF}.Release|x86.Build.0 = Release|Any CPU
		{5C993F84-C037-4F64-91BC-4604CD9BF5CF}.Release|x86.Deploy.0 = Release|Any CPU
		{F7C0FD1C-74BE-4757-85AD-ED2149A8CC30}.Debug|Any CPU.ActiveCfg = Debug|Any CPU
		{F7C0FD1C-74BE-4757-85AD-ED2149A8CC30}.Debug|Any CPU.Build.0 = Debug|Any CPU
		{F7C0FD1C-74BE-4757-85AD-ED2149A8CC30}.Debug|ARM.ActiveCfg = Debug|Any CPU
		{F7C0FD1C-74BE-4757-85AD-ED2149A8CC30}.Debug|ARM.Build.0 = Debug|Any CPU
		{F7C0FD1C-74BE-4757-85AD-ED2149A8CC30}.Debug|iPhone.ActiveCfg = Debug|Any CPU
		{F7C0FD1C-74BE-4757-85AD-ED2149A8CC30}.Debug|iPhone.Build.0 = Debug|Any CPU
		{F7C0FD1C-74BE-4757-85AD-ED2149A8CC30}.Debug|iPhoneSimulator.ActiveCfg = Debug|Any CPU
		{F7C0FD1C-74BE-4757-85AD-ED2149A8CC30}.Debug|iPhoneSimulator.Build.0 = Debug|Any CPU
		{F7C0FD1C-74BE-4757-85AD-ED2149A8CC30}.Debug|x64.ActiveCfg = Debug|Any CPU
		{F7C0FD1C-74BE-4757-85AD-ED2149A8CC30}.Debug|x64.Build.0 = Debug|Any CPU
		{F7C0FD1C-74BE-4757-85AD-ED2149A8CC30}.Debug|x86.ActiveCfg = Debug|Any CPU
		{F7C0FD1C-74BE-4757-85AD-ED2149A8CC30}.Debug|x86.Build.0 = Debug|Any CPU
		{F7C0FD1C-74BE-4757-85AD-ED2149A8CC30}.Release|Any CPU.ActiveCfg = Release|Any CPU
		{F7C0FD1C-74BE-4757-85AD-ED2149A8CC30}.Release|Any CPU.Build.0 = Release|Any CPU
		{F7C0FD1C-74BE-4757-85AD-ED2149A8CC30}.Release|ARM.ActiveCfg = Release|Any CPU
		{F7C0FD1C-74BE-4757-85AD-ED2149A8CC30}.Release|ARM.Build.0 = Release|Any CPU
		{F7C0FD1C-74BE-4757-85AD-ED2149A8CC30}.Release|iPhone.ActiveCfg = Release|Any CPU
		{F7C0FD1C-74BE-4757-85AD-ED2149A8CC30}.Release|iPhone.Build.0 = Release|Any CPU
		{F7C0FD1C-74BE-4757-85AD-ED2149A8CC30}.Release|iPhoneSimulator.ActiveCfg = Release|Any CPU
		{F7C0FD1C-74BE-4757-85AD-ED2149A8CC30}.Release|iPhoneSimulator.Build.0 = Release|Any CPU
		{F7C0FD1C-74BE-4757-85AD-ED2149A8CC30}.Release|x64.ActiveCfg = Release|Any CPU
		{F7C0FD1C-74BE-4757-85AD-ED2149A8CC30}.Release|x64.Build.0 = Release|Any CPU
		{F7C0FD1C-74BE-4757-85AD-ED2149A8CC30}.Release|x86.ActiveCfg = Release|Any CPU
		{F7C0FD1C-74BE-4757-85AD-ED2149A8CC30}.Release|x86.Build.0 = Release|Any CPU
		{F9D5388B-40AF-4C44-B278-E6BE2E4E665F}.Debug|Any CPU.ActiveCfg = Debug|Any CPU
		{F9D5388B-40AF-4C44-B278-E6BE2E4E665F}.Debug|Any CPU.Build.0 = Debug|Any CPU
		{F9D5388B-40AF-4C44-B278-E6BE2E4E665F}.Debug|ARM.ActiveCfg = Debug|Any CPU
		{F9D5388B-40AF-4C44-B278-E6BE2E4E665F}.Debug|ARM.Build.0 = Debug|Any CPU
		{F9D5388B-40AF-4C44-B278-E6BE2E4E665F}.Debug|iPhone.ActiveCfg = Debug|Any CPU
		{F9D5388B-40AF-4C44-B278-E6BE2E4E665F}.Debug|iPhone.Build.0 = Debug|Any CPU
		{F9D5388B-40AF-4C44-B278-E6BE2E4E665F}.Debug|iPhoneSimulator.ActiveCfg = Debug|Any CPU
		{F9D5388B-40AF-4C44-B278-E6BE2E4E665F}.Debug|iPhoneSimulator.Build.0 = Debug|Any CPU
		{F9D5388B-40AF-4C44-B278-E6BE2E4E665F}.Debug|x64.ActiveCfg = Debug|Any CPU
		{F9D5388B-40AF-4C44-B278-E6BE2E4E665F}.Debug|x64.Build.0 = Debug|Any CPU
		{F9D5388B-40AF-4C44-B278-E6BE2E4E665F}.Debug|x86.ActiveCfg = Debug|Any CPU
		{F9D5388B-40AF-4C44-B278-E6BE2E4E665F}.Debug|x86.Build.0 = Debug|Any CPU
		{F9D5388B-40AF-4C44-B278-E6BE2E4E665F}.Release|Any CPU.ActiveCfg = Release|Any CPU
		{F9D5388B-40AF-4C44-B278-E6BE2E4E665F}.Release|Any CPU.Build.0 = Release|Any CPU
		{F9D5388B-40AF-4C44-B278-E6BE2E4E665F}.Release|ARM.ActiveCfg = Release|Any CPU
		{F9D5388B-40AF-4C44-B278-E6BE2E4E665F}.Release|ARM.Build.0 = Release|Any CPU
		{F9D5388B-40AF-4C44-B278-E6BE2E4E665F}.Release|iPhone.ActiveCfg = Release|Any CPU
		{F9D5388B-40AF-4C44-B278-E6BE2E4E665F}.Release|iPhone.Build.0 = Release|Any CPU
		{F9D5388B-40AF-4C44-B278-E6BE2E4E665F}.Release|iPhoneSimulator.ActiveCfg = Release|Any CPU
		{F9D5388B-40AF-4C44-B278-E6BE2E4E665F}.Release|iPhoneSimulator.Build.0 = Release|Any CPU
		{F9D5388B-40AF-4C44-B278-E6BE2E4E665F}.Release|x64.ActiveCfg = Release|Any CPU
		{F9D5388B-40AF-4C44-B278-E6BE2E4E665F}.Release|x64.Build.0 = Release|Any CPU
		{F9D5388B-40AF-4C44-B278-E6BE2E4E665F}.Release|x86.ActiveCfg = Release|Any CPU
		{F9D5388B-40AF-4C44-B278-E6BE2E4E665F}.Release|x86.Build.0 = Release|Any CPU
		{2C2DF3A3-71E8-42A3-903D-0EAB42E82F9F}.Debug|Any CPU.ActiveCfg = Debug|x86
		{2C2DF3A3-71E8-42A3-903D-0EAB42E82F9F}.Debug|ARM.ActiveCfg = Debug|ARM
		{2C2DF3A3-71E8-42A3-903D-0EAB42E82F9F}.Debug|ARM.Build.0 = Debug|ARM
		{2C2DF3A3-71E8-42A3-903D-0EAB42E82F9F}.Debug|ARM.Deploy.0 = Debug|ARM
		{2C2DF3A3-71E8-42A3-903D-0EAB42E82F9F}.Debug|iPhone.ActiveCfg = Debug|x86
		{2C2DF3A3-71E8-42A3-903D-0EAB42E82F9F}.Debug|iPhoneSimulator.ActiveCfg = Debug|x86
		{2C2DF3A3-71E8-42A3-903D-0EAB42E82F9F}.Debug|x64.ActiveCfg = Debug|x64
		{2C2DF3A3-71E8-42A3-903D-0EAB42E82F9F}.Debug|x64.Build.0 = Debug|x64
		{2C2DF3A3-71E8-42A3-903D-0EAB42E82F9F}.Debug|x64.Deploy.0 = Debug|x64
		{2C2DF3A3-71E8-42A3-903D-0EAB42E82F9F}.Debug|x86.ActiveCfg = Debug|x86
		{2C2DF3A3-71E8-42A3-903D-0EAB42E82F9F}.Debug|x86.Build.0 = Debug|x86
		{2C2DF3A3-71E8-42A3-903D-0EAB42E82F9F}.Debug|x86.Deploy.0 = Debug|x86
		{2C2DF3A3-71E8-42A3-903D-0EAB42E82F9F}.Release|Any CPU.ActiveCfg = Release|x86
		{2C2DF3A3-71E8-42A3-903D-0EAB42E82F9F}.Release|ARM.ActiveCfg = Release|ARM
		{2C2DF3A3-71E8-42A3-903D-0EAB42E82F9F}.Release|ARM.Build.0 = Release|ARM
		{2C2DF3A3-71E8-42A3-903D-0EAB42E82F9F}.Release|ARM.Deploy.0 = Release|ARM
		{2C2DF3A3-71E8-42A3-903D-0EAB42E82F9F}.Release|iPhone.ActiveCfg = Release|x86
		{2C2DF3A3-71E8-42A3-903D-0EAB42E82F9F}.Release|iPhoneSimulator.ActiveCfg = Release|x86
		{2C2DF3A3-71E8-42A3-903D-0EAB42E82F9F}.Release|x64.ActiveCfg = Release|x64
		{2C2DF3A3-71E8-42A3-903D-0EAB42E82F9F}.Release|x64.Build.0 = Release|x64
		{2C2DF3A3-71E8-42A3-903D-0EAB42E82F9F}.Release|x64.Deploy.0 = Release|x64
		{2C2DF3A3-71E8-42A3-903D-0EAB42E82F9F}.Release|x86.ActiveCfg = Release|x86
		{2C2DF3A3-71E8-42A3-903D-0EAB42E82F9F}.Release|x86.Build.0 = Release|x86
		{2C2DF3A3-71E8-42A3-903D-0EAB42E82F9F}.Release|x86.Deploy.0 = Release|x86
		{D75CE27F-DF79-499E-AA91-144F7A8B8AA7}.Debug|Any CPU.ActiveCfg = Debug|Any CPU
		{D75CE27F-DF79-499E-AA91-144F7A8B8AA7}.Debug|Any CPU.Build.0 = Debug|Any CPU
		{D75CE27F-DF79-499E-AA91-144F7A8B8AA7}.Debug|ARM.ActiveCfg = Debug|Any CPU
		{D75CE27F-DF79-499E-AA91-144F7A8B8AA7}.Debug|ARM.Build.0 = Debug|Any CPU
		{D75CE27F-DF79-499E-AA91-144F7A8B8AA7}.Debug|iPhone.ActiveCfg = Debug|Any CPU
		{D75CE27F-DF79-499E-AA91-144F7A8B8AA7}.Debug|iPhone.Build.0 = Debug|Any CPU
		{D75CE27F-DF79-499E-AA91-144F7A8B8AA7}.Debug|iPhoneSimulator.ActiveCfg = Debug|Any CPU
		{D75CE27F-DF79-499E-AA91-144F7A8B8AA7}.Debug|iPhoneSimulator.Build.0 = Debug|Any CPU
		{D75CE27F-DF79-499E-AA91-144F7A8B8AA7}.Debug|x64.ActiveCfg = Debug|Any CPU
		{D75CE27F-DF79-499E-AA91-144F7A8B8AA7}.Debug|x64.Build.0 = Debug|Any CPU
		{D75CE27F-DF79-499E-AA91-144F7A8B8AA7}.Debug|x86.ActiveCfg = Debug|Any CPU
		{D75CE27F-DF79-499E-AA91-144F7A8B8AA7}.Debug|x86.Build.0 = Debug|Any CPU
		{D75CE27F-DF79-499E-AA91-144F7A8B8AA7}.Release|Any CPU.ActiveCfg = Release|Any CPU
		{D75CE27F-DF79-499E-AA91-144F7A8B8AA7}.Release|Any CPU.Build.0 = Release|Any CPU
		{D75CE27F-DF79-499E-AA91-144F7A8B8AA7}.Release|ARM.ActiveCfg = Release|Any CPU
		{D75CE27F-DF79-499E-AA91-144F7A8B8AA7}.Release|ARM.Build.0 = Release|Any CPU
		{D75CE27F-DF79-499E-AA91-144F7A8B8AA7}.Release|iPhone.ActiveCfg = Release|Any CPU
		{D75CE27F-DF79-499E-AA91-144F7A8B8AA7}.Release|iPhone.Build.0 = Release|Any CPU
		{D75CE27F-DF79-499E-AA91-144F7A8B8AA7}.Release|iPhoneSimulator.ActiveCfg = Release|Any CPU
		{D75CE27F-DF79-499E-AA91-144F7A8B8AA7}.Release|iPhoneSimulator.Build.0 = Release|Any CPU
		{D75CE27F-DF79-499E-AA91-144F7A8B8AA7}.Release|x64.ActiveCfg = Release|Any CPU
		{D75CE27F-DF79-499E-AA91-144F7A8B8AA7}.Release|x64.Build.0 = Release|Any CPU
		{D75CE27F-DF79-499E-AA91-144F7A8B8AA7}.Release|x86.ActiveCfg = Release|Any CPU
		{D75CE27F-DF79-499E-AA91-144F7A8B8AA7}.Release|x86.Build.0 = Release|Any CPU
		{CEFA8373-FD36-4A06-A5CB-EA0C51B5C3B0}.Debug|Any CPU.ActiveCfg = Debug|Any CPU
		{CEFA8373-FD36-4A06-A5CB-EA0C51B5C3B0}.Debug|Any CPU.Build.0 = Debug|Any CPU
		{CEFA8373-FD36-4A06-A5CB-EA0C51B5C3B0}.Debug|ARM.ActiveCfg = Debug|Any CPU
		{CEFA8373-FD36-4A06-A5CB-EA0C51B5C3B0}.Debug|ARM.Build.0 = Debug|Any CPU
		{CEFA8373-FD36-4A06-A5CB-EA0C51B5C3B0}.Debug|iPhone.ActiveCfg = Debug|Any CPU
		{CEFA8373-FD36-4A06-A5CB-EA0C51B5C3B0}.Debug|iPhone.Build.0 = Debug|Any CPU
		{CEFA8373-FD36-4A06-A5CB-EA0C51B5C3B0}.Debug|iPhoneSimulator.ActiveCfg = Debug|Any CPU
		{CEFA8373-FD36-4A06-A5CB-EA0C51B5C3B0}.Debug|iPhoneSimulator.Build.0 = Debug|Any CPU
		{CEFA8373-FD36-4A06-A5CB-EA0C51B5C3B0}.Debug|x64.ActiveCfg = Debug|Any CPU
		{CEFA8373-FD36-4A06-A5CB-EA0C51B5C3B0}.Debug|x64.Build.0 = Debug|Any CPU
		{CEFA8373-FD36-4A06-A5CB-EA0C51B5C3B0}.Debug|x86.ActiveCfg = Debug|Any CPU
		{CEFA8373-FD36-4A06-A5CB-EA0C51B5C3B0}.Debug|x86.Build.0 = Debug|Any CPU
		{CEFA8373-FD36-4A06-A5CB-EA0C51B5C3B0}.Release|Any CPU.ActiveCfg = Release|Any CPU
		{CEFA8373-FD36-4A06-A5CB-EA0C51B5C3B0}.Release|Any CPU.Build.0 = Release|Any CPU
		{CEFA8373-FD36-4A06-A5CB-EA0C51B5C3B0}.Release|ARM.ActiveCfg = Release|Any CPU
		{CEFA8373-FD36-4A06-A5CB-EA0C51B5C3B0}.Release|ARM.Build.0 = Release|Any CPU
		{CEFA8373-FD36-4A06-A5CB-EA0C51B5C3B0}.Release|iPhone.ActiveCfg = Release|Any CPU
		{CEFA8373-FD36-4A06-A5CB-EA0C51B5C3B0}.Release|iPhone.Build.0 = Release|Any CPU
		{CEFA8373-FD36-4A06-A5CB-EA0C51B5C3B0}.Release|iPhoneSimulator.ActiveCfg = Release|Any CPU
		{CEFA8373-FD36-4A06-A5CB-EA0C51B5C3B0}.Release|iPhoneSimulator.Build.0 = Release|Any CPU
		{CEFA8373-FD36-4A06-A5CB-EA0C51B5C3B0}.Release|x64.ActiveCfg = Release|Any CPU
		{CEFA8373-FD36-4A06-A5CB-EA0C51B5C3B0}.Release|x64.Build.0 = Release|Any CPU
		{CEFA8373-FD36-4A06-A5CB-EA0C51B5C3B0}.Release|x86.ActiveCfg = Release|Any CPU
		{CEFA8373-FD36-4A06-A5CB-EA0C51B5C3B0}.Release|x86.Build.0 = Release|Any CPU
	EndGlobalSection
	GlobalSection(SolutionProperties) = preSolution
		HideSolutionNode = FALSE
	EndGlobalSection
	GlobalSection(ExtensibilityGlobals) = postSolution
		SolutionGuid = {D36D9B62-020F-46B3-AFEC-C557146A9717}
	EndGlobalSection
EndGlobal
